
Microsoft Visual Studio Solution File, Format Version 12.00
# Visual Studio Version 16
VisualStudioVersion = 16.0.31702.278
MinimumVisualStudioVersion = 10.0.40219.1
Project("{FAE04EC0-301F-11D3-BF4B-00C04F79EFBC}") = "cinepolisproyect.Android", "cinepolisproyect\cinepolisproyect.Android\cinepolisproyect.Android.csproj", "{CCFB77E5-0998-4AAF-B9AC-9F8BE68221E5}"
EndProject
Project("{9A19103F-16F7-4668-BE54-9A1E7A4F7556}") = "cinepolisproyect", "cinepolisproyect\cinepolisproyect\cinepolisproyect.csproj", "{7BE7C4C2-395C-4184-BE79-953B81782B32}"
EndProject
Global
	GlobalSection(SolutionConfigurationPlatforms) = preSolution
		Debug|Any CPU = Debug|Any CPU
		Release|Any CPU = Release|Any CPU
	EndGlobalSection
	GlobalSection(ProjectConfigurationPlatforms) = postSolution
		{CCFB77E5-0998-4AAF-B9AC-9F8BE68221E5}.Debug|Any CPU.ActiveCfg = Debug|Any CPU
		{CCFB77E5-0998-4AAF-B9AC-9F8BE68221E5}.Debug|Any CPU.Build.0 = Debug|Any CPU
		{CCFB77E5-0998-4AAF-B9AC-9F8BE68221E5}.Debug|Any CPU.Deploy.0 = Debug|Any CPU
		{CCFB77E5-0998-4AAF-B9AC-9F8BE68221E5}.Release|Any CPU.ActiveCfg = Release|Any CPU
		{CCFB77E5-0998-4AAF-B9AC-9F8BE68221E5}.Release|Any CPU.Build.0 = Release|Any CPU
		{CCFB77E5-0998-4AAF-B9AC-9F8BE68221E5}.Release|Any CPU.Deploy.0 = Release|Any CPU
		{7BE7C4C2-395C-4184-BE79-953B81782B32}.Debug|Any CPU.ActiveCfg = Debug|Any CPU
		{7BE7C4C2-395C-4184-BE79-953B81782B32}.Debug|Any CPU.Build.0 = Debug|Any CPU
		{7BE7C4C2-395C-4184-BE79-953B81782B32}.Debug|Any CPU.Deploy.0 = Debug|Any CPU
		{7BE7C4C2-395C-4184-BE79-953B81782B32}.Release|Any CPU.ActiveCfg = Release|Any CPU
		{7BE7C4C2-395C-4184-BE79-953B81782B32}.Release|Any CPU.Build.0 = Release|Any CPU
		{7BE7C4C2-395C-4184-BE79-953B81782B32}.Release|Any CPU.Deploy.0 = Release|Any CPU
	EndGlobalSection
	GlobalSection(SolutionProperties) = preSolution
		HideSolutionNode = FALSE
	EndGlobalSection
	GlobalSection(ExtensibilityGlobals) = postSolution
		SolutionGuid = {4CD5DDBC-0F3A-4085-8DDC-DB6A9F6807EA}
	EndGlobalSection
EndGlobal
